
Microsoft Visual Studio Solution File, Format Version 12.00
# Visual Studio Version 16
VisualStudioVersion = 16.0.31729.503
MinimumVisualStudioVersion = 10.0.40219.1
Project("{FAE04EC0-301F-11D3-BF4B-00C04F79EFBC}") = "87-ArrayOrdenadoMetodoSort", "87-ArrayOrdenadoMetodoSort.csproj", "{52A62910-5869-4173-A8BD-04B57E47D550}"
EndProject
Global
	GlobalSection(SolutionConfigurationPlatforms) = preSolution
		Debug|Any CPU = Debug|Any CPU
		Release|Any CPU = Release|Any CPU
	EndGlobalSection
	GlobalSection(ProjectConfigurationPlatforms) = postSolution
		{52A62910-5869-4173-A8BD-04B57E47D550}.Debug|Any CPU.ActiveCfg = Debug|Any CPU
		{52A62910-5869-4173-A8BD-04B57E47D550}.Debug|Any CPU.Build.0 = Debug|Any CPU
		{52A62910-5869-4173-A8BD-04B57E47D550}.Release|Any CPU.ActiveCfg = Release|Any CPU
		{52A62910-5869-4173-A8BD-04B57E47D550}.Release|Any CPU.Build.0 = Release|Any CPU
	EndGlobalSection
	GlobalSection(SolutionProperties) = preSolution
		HideSolutionNode = FALSE
	EndGlobalSection
	GlobalSection(ExtensibilityGlobals) = postSolution
		SolutionGuid = {F19A2387-69D5-4622-9A61-81ECDAD8BB3A}
	EndGlobalSection
EndGlobal
